// !$*UTF8*$!
{
	archiveVersion = 1;
	classes = {
	};
	objectVersion = 48;
	objects = {

/* Begin PBXBuildFile section */
		090651CD03CD21E116E0AB99 /* Pods_parseChat.framework in Frameworks */ = {isa = PBXBuildFile; fileRef = CFE41B7356AFA866699BBBCB /* Pods_parseChat.framework */; };
		483401792048A55800D86978 /* ChatViewController.swift in Sources */ = {isa = PBXBuildFile; fileRef = 483401782048A55800D86978 /* ChatViewController.swift */; };
		4834017B2048ADE600D86978 /* ChatCell.swift in Sources */ = {isa = PBXBuildFile; fileRef = 4834017A2048ADE600D86978 /* ChatCell.swift */; };
		48B5825B20431C2200C9279D /* AppDelegate.swift in Sources */ = {isa = PBXBuildFile; fileRef = 48B5825A20431C2200C9279D /* AppDelegate.swift */; };
		48B5825D20431C2200C9279D /* ViewController.swift in Sources */ = {isa = PBXBuildFile; fileRef = 48B5825C20431C2200C9279D /* ViewController.swift */; };
		48B5826020431C2200C9279D /* Main.storyboard in Resources */ = {isa = PBXBuildFile; fileRef = 48B5825E20431C2200C9279D /* Main.storyboard */; };
		48B5826220431C2200C9279D /* Assets.xcassets in Resources */ = {isa = PBXBuildFile; fileRef = 48B5826120431C2200C9279D /* Assets.xcassets */; };
		48B5826520431C2200C9279D /* LaunchScreen.storyboard in Resources */ = {isa = PBXBuildFile; fileRef = 48B5826320431C2200C9279D /* LaunchScreen.storyboard */; };
		48B5827020431C2200C9279D /* parseChatTests.swift in Sources */ = {isa = PBXBuildFile; fileRef = 48B5826F20431C2200C9279D /* parseChatTests.swift */; };
		48B5827B20431C2200C9279D /* parseChatUITests.swift in Sources */ = {isa = PBXBuildFile; fileRef = 48B5827A20431C2200C9279D /* parseChatUITests.swift */; };
		48B582892043372500C9279D /* LoginViewController.swift in Sources */ = {isa = PBXBuildFile; fileRef = 48B582882043372500C9279D /* LoginViewController.swift */; };
		70A362DF14DA7D72A85B8DA6 /* Pods_parseChatTests.framework in Frameworks */ = {isa = PBXBuildFile; fileRef = 15B23AAE4AA6B16DA9925698 /* Pods_parseChatTests.framework */; };
		CC4FD138375A0BA91A340DC5 /* Pods_parseChatUITests.framework in Frameworks */ = {isa = PBXBuildFile; fileRef = FFDF5B46F2F5AE2EF0D8E7EB /* Pods_parseChatUITests.framework */; };
/* End PBXBuildFile section */

/* Begin PBXContainerItemProxy section */
		48B5826C20431C2200C9279D /* PBXContainerItemProxy */ = {
			isa = PBXContainerItemProxy;
			containerPortal = 48B5824F20431C2200C9279D /* Project object */;
			proxyType = 1;
			remoteGlobalIDString = 48B5825620431C2200C9279D;
			remoteInfo = parseChat;
		};
		48B5827720431C2200C9279D /* PBXContainerItemProxy */ = {
			isa = PBXContainerItemProxy;
			containerPortal = 48B5824F20431C2200C9279D /* Project object */;
			proxyType = 1;
			remoteGlobalIDString = 48B5825620431C2200C9279D;
			remoteInfo = parseChat;
		};
/* End PBXContainerItemProxy section */

/* Begin PBXFileReference section */
		0B5B8B877A5AC63F3B8B2A3D /* Pods-parseChatUITests.release.xcconfig */ = {isa = PBXFileReference; includeInIndex = 1; lastKnownFileType = text.xcconfig; name = "Pods-parseChatUITests.release.xcconfig"; path = "Pods/Target Support Files/Pods-parseChatUITests/Pods-parseChatUITests.release.xcconfig"; sourceTree = "<group>"; };
		15B23AAE4AA6B16DA9925698 /* Pods_parseChatTests.framework */ = {isa = PBXFileReference; explicitFileType = wrapper.framework; includeInIndex = 0; path = Pods_parseChatTests.framework; sourceTree = BUILT_PRODUCTS_DIR; };
		483401782048A55800D86978 /* ChatViewController.swift */ = {isa = PBXFileReference; lastKnownFileType = sourcecode.swift; path = ChatViewController.swift; sourceTree = "<group>"; };
		4834017A2048ADE600D86978 /* ChatCell.swift */ = {isa = PBXFileReference; lastKnownFileType = sourcecode.swift; path = ChatCell.swift; sourceTree = "<group>"; };
		48B5825720431C2200C9279D /* parseChat.app */ = {isa = PBXFileReference; explicitFileType = wrapper.application; includeInIndex = 0; path = parseChat.app; sourceTree = BUILT_PRODUCTS_DIR; };
		48B5825A20431C2200C9279D /* AppDelegate.swift */ = {isa = PBXFileReference; lastKnownFileType = sourcecode.swift; path = AppDelegate.swift; sourceTree = "<group>"; };
		48B5825C20431C2200C9279D /* ViewController.swift */ = {isa = PBXFileReference; lastKnownFileType = sourcecode.swift; path = ViewController.swift; sourceTree = "<group>"; };
		48B5825F20431C2200C9279D /* Base */ = {isa = PBXFileReference; lastKnownFileType = file.storyboard; name = Base; path = Base.lproj/Main.storyboard; sourceTree = "<group>"; };
		48B5826120431C2200C9279D /* Assets.xcassets */ = {isa = PBXFileReference; lastKnownFileType = folder.assetcatalog; path = Assets.xcassets; sourceTree = "<group>"; };
		48B5826420431C2200C9279D /* Base */ = {isa = PBXFileReference; lastKnownFileType = file.storyboard; name = Base; path = Base.lproj/LaunchScreen.storyboard; sourceTree = "<group>"; };
		48B5826620431C2200C9279D /* Info.plist */ = {isa = PBXFileReference; lastKnownFileType = text.plist.xml; path = Info.plist; sourceTree = "<group>"; };
		48B5826B20431C2200C9279D /* parseChatTests.xctest */ = {isa = PBXFileReference; explicitFileType = wrapper.cfbundle; includeInIndex = 0; path = parseChatTests.xctest; sourceTree = BUILT_PRODUCTS_DIR; };
		48B5826F20431C2200C9279D /* parseChatTests.swift */ = {isa = PBXFileReference; lastKnownFileType = sourcecode.swift; path = parseChatTests.swift; sourceTree = "<group>"; };
		48B5827120431C2200C9279D /* Info.plist */ = {isa = PBXFileReference; lastKnownFileType = text.plist.xml; path = Info.plist; sourceTree = "<group>"; };
		48B5827620431C2200C9279D /* parseChatUITests.xctest */ = {isa = PBXFileReference; explicitFileType = wrapper.cfbundle; includeInIndex = 0; path = parseChatUITests.xctest; sourceTree = BUILT_PRODUCTS_DIR; };
		48B5827A20431C2200C9279D /* parseChatUITests.swift */ = {isa = PBXFileReference; lastKnownFileType = sourcecode.swift; path = parseChatUITests.swift; sourceTree = "<group>"; };
		48B5827C20431C2200C9279D /* Info.plist */ = {isa = PBXFileReference; lastKnownFileType = text.plist.xml; path = Info.plist; sourceTree = "<group>"; };
		48B582882043372500C9279D /* LoginViewController.swift */ = {isa = PBXFileReference; lastKnownFileType = sourcecode.swift; path = LoginViewController.swift; sourceTree = "<group>"; };
		52D9240C09F4B932FEA83C04 /* Pods-parseChat.debug.xcconfig */ = {isa = PBXFileReference; includeInIndex = 1; lastKnownFileType = text.xcconfig; name = "Pods-parseChat.debug.xcconfig"; path = "Pods/Target Support Files/Pods-parseChat/Pods-parseChat.debug.xcconfig"; sourceTree = "<group>"; };
		9030C8C835F7FC974D2E0FEE /* Pods-parseChatTests.release.xcconfig */ = {isa = PBXFileReference; includeInIndex = 1; lastKnownFileType = text.xcconfig; name = "Pods-parseChatTests.release.xcconfig"; path = "Pods/Target Support Files/Pods-parseChatTests/Pods-parseChatTests.release.xcconfig"; sourceTree = "<group>"; };
		B924E55A2B4552195A01BF40 /* Pods-parseChat.release.xcconfig */ = {isa = PBXFileReference; includeInIndex = 1; lastKnownFileType = text.xcconfig; name = "Pods-parseChat.release.xcconfig"; path = "Pods/Target Support Files/Pods-parseChat/Pods-parseChat.release.xcconfig"; sourceTree = "<group>"; };
		BCC19AE1591EA3BBAE1B37E0 /* Pods-parseChatUITests.debug.xcconfig */ = {isa = PBXFileReference; includeInIndex = 1; lastKnownFileType = text.xcconfig; name = "Pods-parseChatUITests.debug.xcconfig"; path = "Pods/Target Support Files/Pods-parseChatUITests/Pods-parseChatUITests.debug.xcconfig"; sourceTree = "<group>"; };
		CFE41B7356AFA866699BBBCB /* Pods_parseChat.framework */ = {isa = PBXFileReference; explicitFileType = wrapper.framework; includeInIndex = 0; path = Pods_parseChat.framework; sourceTree = BUILT_PRODUCTS_DIR; };
		ED25BA9F17BEBCE0E3743FDD /* Pods-parseChatTests.debug.xcconfig */ = {isa = PBXFileReference; includeInIndex = 1; lastKnownFileType = text.xcconfig; name = "Pods-parseChatTests.debug.xcconfig"; path = "Pods/Target Support Files/Pods-parseChatTests/Pods-parseChatTests.debug.xcconfig"; sourceTree = "<group>"; };
		FFDF5B46F2F5AE2EF0D8E7EB /* Pods_parseChatUITests.framework */ = {isa = PBXFileReference; explicitFileType = wrapper.framework; includeInIndex = 0; path = Pods_parseChatUITests.framework; sourceTree = BUILT_PRODUCTS_DIR; };
/* End PBXFileReference section */

/* Begin PBXFrameworksBuildPhase section */
		48B5825420431C2200C9279D /* Frameworks */ = {
			isa = PBXFrameworksBuildPhase;
			buildActionMask = 2147483647;
			files = (
				090651CD03CD21E116E0AB99 /* Pods_parseChat.framework in Frameworks */,
			);
			runOnlyForDeploymentPostprocessing = 0;
		};
		48B5826820431C2200C9279D /* Frameworks */ = {
			isa = PBXFrameworksBuildPhase;
			buildActionMask = 2147483647;
			files = (
				70A362DF14DA7D72A85B8DA6 /* Pods_parseChatTests.framework in Frameworks */,
			);
			runOnlyForDeploymentPostprocessing = 0;
		};
		48B5827320431C2200C9279D /* Frameworks */ = {
			isa = PBXFrameworksBuildPhase;
			buildActionMask = 2147483647;
			files = (
				CC4FD138375A0BA91A340DC5 /* Pods_parseChatUITests.framework in Frameworks */,
			);
			runOnlyForDeploymentPostprocessing = 0;
		};
/* End PBXFrameworksBuildPhase section */

/* Begin PBXGroup section */
		0223ACB7DAB848787A64F5A2 /* Pods */ = {
			isa = PBXGroup;
			children = (
				52D9240C09F4B932FEA83C04 /* Pods-parseChat.debug.xcconfig */,
				B924E55A2B4552195A01BF40 /* Pods-parseChat.release.xcconfig */,
				ED25BA9F17BEBCE0E3743FDD /* Pods-parseChatTests.debug.xcconfig */,
				9030C8C835F7FC974D2E0FEE /* Pods-parseChatTests.release.xcconfig */,
				BCC19AE1591EA3BBAE1B37E0 /* Pods-parseChatUITests.debug.xcconfig */,
				0B5B8B877A5AC63F3B8B2A3D /* Pods-parseChatUITests.release.xcconfig */,
			);
			name = Pods;
			sourceTree = "<group>";
		};
		4036CDFC2F557E2E581309CB /* Frameworks */ = {
			isa = PBXGroup;
			children = (
				CFE41B7356AFA866699BBBCB /* Pods_parseChat.framework */,
				15B23AAE4AA6B16DA9925698 /* Pods_parseChatTests.framework */,
				FFDF5B46F2F5AE2EF0D8E7EB /* Pods_parseChatUITests.framework */,
			);
			name = Frameworks;
			sourceTree = "<group>";
		};
		48B5824E20431C2200C9279D = {
			isa = PBXGroup;
			children = (
				48B5825920431C2200C9279D /* parseChat */,
				48B5826E20431C2200C9279D /* parseChatTests */,
				48B5827920431C2200C9279D /* parseChatUITests */,
				48B5825820431C2200C9279D /* Products */,
				0223ACB7DAB848787A64F5A2 /* Pods */,
				4036CDFC2F557E2E581309CB /* Frameworks */,
			);
			sourceTree = "<group>";
		};
		48B5825820431C2200C9279D /* Products */ = {
			isa = PBXGroup;
			children = (
				48B5825720431C2200C9279D /* parseChat.app */,
				48B5826B20431C2200C9279D /* parseChatTests.xctest */,
				48B5827620431C2200C9279D /* parseChatUITests.xctest */,
			);
			name = Products;
			sourceTree = "<group>";
		};
		48B5825920431C2200C9279D /* parseChat */ = {
			isa = PBXGroup;
			children = (
				48B5825A20431C2200C9279D /* AppDelegate.swift */,
				48B5825C20431C2200C9279D /* ViewController.swift */,
				48B5825E20431C2200C9279D /* Main.storyboard */,
				48B5826120431C2200C9279D /* Assets.xcassets */,
				48B5826320431C2200C9279D /* LaunchScreen.storyboard */,
				48B5826620431C2200C9279D /* Info.plist */,
				48B582882043372500C9279D /* LoginViewController.swift */,
				483401782048A55800D86978 /* ChatViewController.swift */,
				4834017A2048ADE600D86978 /* ChatCell.swift */,
			);
			path = parseChat;
			sourceTree = "<group>";
		};
		48B5826E20431C2200C9279D /* parseChatTests */ = {
			isa = PBXGroup;
			children = (
				48B5826F20431C2200C9279D /* parseChatTests.swift */,
				48B5827120431C2200C9279D /* Info.plist */,
			);
			path = parseChatTests;
			sourceTree = "<group>";
		};
		48B5827920431C2200C9279D /* parseChatUITests */ = {
			isa = PBXGroup;
			children = (
				48B5827A20431C2200C9279D /* parseChatUITests.swift */,
				48B5827C20431C2200C9279D /* Info.plist */,
			);
			path = parseChatUITests;
			sourceTree = "<group>";
		};
/* End PBXGroup section */

/* Begin PBXNativeTarget section */
		48B5825620431C2200C9279D /* parseChat */ = {
			isa = PBXNativeTarget;
			buildConfigurationList = 48B5827F20431C2200C9279D /* Build configuration list for PBXNativeTarget "parseChat" */;
			buildPhases = (
				1FCBCA654427901CDA1A8771 /* [CP] Check Pods Manifest.lock */,
				48B5825320431C2200C9279D /* Sources */,
				48B5825420431C2200C9279D /* Frameworks */,
				48B5825520431C2200C9279D /* Resources */,
				319D59094A3D4CADD8165E0E /* [CP] Embed Pods Frameworks */,
				8C32BD903A4F4B14167929BB /* [CP] Copy Pods Resources */,
			);
			buildRules = (
			);
			dependencies = (
			);
			name = parseChat;
			productName = parseChat;
			productReference = 48B5825720431C2200C9279D /* parseChat.app */;
			productType = "com.apple.product-type.application";
		};
		48B5826A20431C2200C9279D /* parseChatTests */ = {
			isa = PBXNativeTarget;
			buildConfigurationList = 48B5828220431C2200C9279D /* Build configuration list for PBXNativeTarget "parseChatTests" */;
			buildPhases = (
				9E1D4958C0EA3113A30EBD64 /* [CP] Check Pods Manifest.lock */,
				48B5826720431C2200C9279D /* Sources */,
				48B5826820431C2200C9279D /* Frameworks */,
				48B5826920431C2200C9279D /* Resources */,
				E20837830737C68FA4B64474 /* [CP] Embed Pods Frameworks */,
				AB403FCC22ABC119A34B003F /* [CP] Copy Pods Resources */,
			);
			buildRules = (
			);
			dependencies = (
				48B5826D20431C2200C9279D /* PBXTargetDependency */,
			);
			name = parseChatTests;
			productName = parseChatTests;
			productReference = 48B5826B20431C2200C9279D /* parseChatTests.xctest */;
			productType = "com.apple.product-type.bundle.unit-test";
		};
		48B5827520431C2200C9279D /* parseChatUITests */ = {
			isa = PBXNativeTarget;
			buildConfigurationList = 48B5828520431C2200C9279D /* Build configuration list for PBXNativeTarget "parseChatUITests" */;
			buildPhases = (
				C28E6B4EE8235A227993DE3A /* [CP] Check Pods Manifest.lock */,
				48B5827220431C2200C9279D /* Sources */,
				48B5827320431C2200C9279D /* Frameworks */,
				48B5827420431C2200C9279D /* Resources */,
				852D097AA91548930B471A9C /* [CP] Embed Pods Frameworks */,
				810B6F64C1743E889A6225FF /* [CP] Copy Pods Resources */,
			);
			buildRules = (
			);
			dependencies = (
				48B5827820431C2200C9279D /* PBXTargetDependency */,
			);
			name = parseChatUITests;
			productName = parseChatUITests;
			productReference = 48B5827620431C2200C9279D /* parseChatUITests.xctest */;
			productType = "com.apple.product-type.bundle.ui-testing";
		};
/* End PBXNativeTarget section */

/* Begin PBXProject section */
		48B5824F20431C2200C9279D /* Project object */ = {
			isa = PBXProject;
			attributes = {
				LastSwiftUpdateCheck = 0920;
				LastUpgradeCheck = 0920;
				ORGANIZATIONNAME = "Biswash Adhikari";
				TargetAttributes = {
					48B5825620431C2200C9279D = {
						CreatedOnToolsVersion = 9.2;
						ProvisioningStyle = Automatic;
					};
					48B5826A20431C2200C9279D = {
						CreatedOnToolsVersion = 9.2;
						ProvisioningStyle = Automatic;
						TestTargetID = 48B5825620431C2200C9279D;
					};
					48B5827520431C2200C9279D = {
						CreatedOnToolsVersion = 9.2;
						ProvisioningStyle = Automatic;
						TestTargetID = 48B5825620431C2200C9279D;
					};
				};
			};
			buildConfigurationList = 48B5825220431C2200C9279D /* Build configuration list for PBXProject "parseChat" */;
			compatibilityVersion = "Xcode 8.0";
			developmentRegion = en;
			hasScannedForEncodings = 0;
			knownRegions = (
				en,
				Base,
			);
			mainGroup = 48B5824E20431C2200C9279D;
			productRefGroup = 48B5825820431C2200C9279D /* Products */;
			projectDirPath = "";
			projectRoot = "";
			targets = (
				48B5825620431C2200C9279D /* parseChat */,
				48B5826A20431C2200C9279D /* parseChatTests */,
				48B5827520431C2200C9279D /* parseChatUITests */,
			);
		};
/* End PBXProject section */

/* Begin PBXResourcesBuildPhase section */
		48B5825520431C2200C9279D /* Resources */ = {
			isa = PBXResourcesBuildPhase;
			buildActionMask = 2147483647;
			files = (
				48B5826520431C2200C9279D /* LaunchScreen.storyboard in Resources */,
				48B5826220431C2200C9279D /* Assets.xcassets in Resources */,
				48B5826020431C2200C9279D /* Main.storyboard in Resources */,
			);
			runOnlyForDeploymentPostprocessing = 0;
		};
		48B5826920431C2200C9279D /* Resources */ = {
			isa = PBXResourcesBuildPhase;
			buildActionMask = 2147483647;
			files = (
			);
			runOnlyForDeploymentPostprocessing = 0;
		};
		48B5827420431C2200C9279D /* Resources */ = {
			isa = PBXResourcesBuildPhase;
			buildActionMask = 2147483647;
			files = (
			);
			runOnlyForDeploymentPostprocessing = 0;
		};
/* End PBXResourcesBuildPhase section */

/* Begin PBXShellScriptBuildPhase section */
		1FCBCA654427901CDA1A8771 /* [CP] Check Pods Manifest.lock */ = {
			isa = PBXShellScriptBuildPhase;
			buildActionMask = 2147483647;
			files = (
			);
			inputPaths = (
				"${PODS_PODFILE_DIR_PATH}/Podfile.lock",
				"${PODS_ROOT}/Manifest.lock",
			);
			name = "[CP] Check Pods Manifest.lock";
			outputPaths = (
				"$(DERIVED_FILE_DIR)/Pods-parseChat-checkManifestLockResult.txt",
			);
			runOnlyForDeploymentPostprocessing = 0;
			shellPath = /bin/sh;
			shellScript = "diff \"${PODS_PODFILE_DIR_PATH}/Podfile.lock\" \"${PODS_ROOT}/Manifest.lock\" > /dev/null\nif [ $? != 0 ] ; then\n    # print error to STDERR\n    echo \"error: The sandbox is not in sync with the Podfile.lock. Run 'pod install' or update your CocoaPods installation.\" >&2\n    exit 1\nfi\n# This output is used by Xcode 'outputs' to avoid re-running this script phase.\necho \"SUCCESS\" > \"${SCRIPT_OUTPUT_FILE_0}\"\n";
			showEnvVarsInLog = 0;
		};
		319D59094A3D4CADD8165E0E /* [CP] Embed Pods Frameworks */ = {
			isa = PBXShellScriptBuildPhase;
			buildActionMask = 2147483647;
			files = (
			);
			inputPaths = (
				"${SRCROOT}/Pods/Target Support Files/Pods-parseChat/Pods-parseChat-frameworks.sh",
				"${BUILT_PRODUCTS_DIR}/Bolts/Bolts.framework",
				"${BUILT_PRODUCTS_DIR}/Parse/Parse.framework",
			);
			name = "[CP] Embed Pods Frameworks";
			outputPaths = (
				"${TARGET_BUILD_DIR}/${FRAMEWORKS_FOLDER_PATH}/Bolts.framework",
				"${TARGET_BUILD_DIR}/${FRAMEWORKS_FOLDER_PATH}/Parse.framework",
			);
			runOnlyForDeploymentPostprocessing = 0;
			shellPath = /bin/sh;
			shellScript = "\"${SRCROOT}/Pods/Target Support Files/Pods-parseChat/Pods-parseChat-frameworks.sh\"\n";
			showEnvVarsInLog = 0;
		};
		810B6F64C1743E889A6225FF /* [CP] Copy Pods Resources */ = {
			isa = PBXShellScriptBuildPhase;
			buildActionMask = 2147483647;
			files = (
			);
			inputPaths = (
			);
			name = "[CP] Copy Pods Resources";
			outputPaths = (
			);
			runOnlyForDeploymentPostprocessing = 0;
			shellPath = /bin/sh;
			shellScript = "\"${SRCROOT}/Pods/Target Support Files/Pods-parseChatUITests/Pods-parseChatUITests-resources.sh\"\n";
			showEnvVarsInLog = 0;
		};
		852D097AA91548930B471A9C /* [CP] Embed Pods Frameworks */ = {
			isa = PBXShellScriptBuildPhase;
			buildActionMask = 2147483647;
			files = (
			);
			inputPaths = (
			);
			name = "[CP] Embed Pods Frameworks";
			outputPaths = (
			);
			runOnlyForDeploymentPostprocessing = 0;
			shellPath = /bin/sh;
			shellScript = "\"${SRCROOT}/Pods/Target Support Files/Pods-parseChatUITests/Pods-parseChatUITests-frameworks.sh\"\n";
			showEnvVarsInLog = 0;
		};
		8C32BD903A4F4B14167929BB /* [CP] Copy Pods Resources */ = {
			isa = PBXShellScriptBuildPhase;
			buildActionMask = 2147483647;
			files = (
			);
			inputPaths = (
			);
			name = "[CP] Copy Pods Resources";
			outputPaths = (
			);
			runOnlyForDeploymentPostprocessing = 0;
			shellPath = /bin/sh;
			shellScript = "\"${SRCROOT}/Pods/Target Support Files/Pods-parseChat/Pods-parseChat-resources.sh\"\n";
			showEnvVarsInLog = 0;
		};
		9E1D4958C0EA3113A30EBD64 /* [CP] Check Pods Manifest.lock */ = {
			isa = PBXShellScriptBuildPhase;
			buildActionMask = 2147483647;
			files = (
			);
			inputPaths = (
				"${PODS_PODFILE_DIR_PATH}/Podfile.lock",
				"${PODS_ROOT}/Manifest.lock",
			);
			name = "[CP] Check Pods Manifest.lock";
			outputPaths = (
				"$(DERIVED_FILE_DIR)/Pods-parseChatTests-checkManifestLockResult.txt",
			);
			runOnlyForDeploymentPostprocessing = 0;
			shellPath = /bin/sh;
			shellScript = "diff \"${PODS_PODFILE_DIR_PATH}/Podfile.lock\" \"${PODS_ROOT}/Manifest.lock\" > /dev/null\nif [ $? != 0 ] ; then\n    # print error to STDERR\n    echo \"error: The sandbox is not in sync with the Podfile.lock. Run 'pod install' or update your CocoaPods installation.\" >&2\n    exit 1\nfi\n# This output is used by Xcode 'outputs' to avoid re-running this script phase.\necho \"SUCCESS\" > \"${SCRIPT_OUTPUT_FILE_0}\"\n";
			showEnvVarsInLog = 0;
		};
		AB403FCC22ABC119A34B003F /* [CP] Copy Pods Resources */ = {
			isa = PBXShellScriptBuildPhase;
			buildActionMask = 2147483647;
			files = (
			);
			inputPaths = (
			);
			name = "[CP] Copy Pods Resources";
			outputPaths = (
			);
			runOnlyForDeploymentPostprocessing = 0;
			shellPath = /bin/sh;
			shellScript = "\"${SRCROOT}/Pods/Target Support Files/Pods-parseChatTests/Pods-parseChatTests-resources.sh\"\n";
			showEnvVarsInLog = 0;
		};
		C28E6B4EE8235A227993DE3A /* [CP] Check Pods Manifest.lock */ = {
			isa = PBXShellScriptBuildPhase;
			buildActionMask = 2147483647;
			files = (
			);
			inputPaths = (
				"${PODS_PODFILE_DIR_PATH}/Podfile.lock",
				"${PODS_ROOT}/Manifest.lock",
			);
			name = "[CP] Check Pods Manifest.lock";
			outputPaths = (
				"$(DERIVED_FILE_DIR)/Pods-parseChatUITests-checkManifestLockResult.txt",
			);
			runOnlyForDeploymentPostprocessing = 0;
			shellPath = /bin/sh;
			shellScript = "diff \"${PODS_PODFILE_DIR_PATH}/Podfile.lock\" \"${PODS_ROOT}/Manifest.lock\" > /dev/null\nif [ $? != 0 ] ; then\n    # print error to STDERR\n    echo \"error: The sandbox is not in sync with the Podfile.lock. Run 'pod install' or update your CocoaPods installation.\" >&2\n    exit 1\nfi\n# This output is used by Xcode 'outputs' to avoid re-running this script phase.\necho \"SUCCESS\" > \"${SCRIPT_OUTPUT_FILE_0}\"\n";
			showEnvVarsInLog = 0;
		};
		E20837830737C68FA4B64474 /* [CP] Embed Pods Frameworks */ = {
			isa = PBXShellScriptBuildPhase;
			buildActionMask = 2147483647;
			files = (
			);
			inputPaths = (
			);
			name = "[CP] Embed Pods Frameworks";
			outputPaths = (
			);
			runOnlyForDeploymentPostprocessing = 0;
			shellPath = /bin/sh;
			shellScript = "\"${SRCROOT}/Pods/Target Support Files/Pods-parseChatTests/Pods-parseChatTests-frameworks.sh\"\n";
			showEnvVarsInLog = 0;
		};
/* End PBXShellScriptBuildPhase section */

/* Begin PBXSourcesBuildPhase section */
		48B5825320431C2200C9279D /* Sources */ = {
			isa = PBXSourcesBuildPhase;
			buildActionMask = 2147483647;
			files = (
				48B582892043372500C9279D /* LoginViewController.swift in Sources */,
				48B5825D20431C2200C9279D /* ViewController.swift in Sources */,
				483401792048A55800D86978 /* ChatViewController.swift in Sources */,
				4834017B2048ADE600D86978 /* ChatCell.swift in Sources */,
				48B5825B20431C2200C9279D /* AppDelegate.swift in Sources */,
			);
			runOnlyForDeploymentPostprocessing = 0;
		};
		48B5826720431C2200C9279D /* Sources */ = {
			isa = PBXSourcesBuildPhase;
			buildActionMask = 2147483647;
			files = (
				48B5827020431C2200C9279D /* parseChatTests.swift in Sources */,
			);
			runOnlyForDeploymentPostprocessing = 0;
		};
		48B5827220431C2200C9279D /* Sources */ = {
			isa = PBXSourcesBuildPhase;
			buildActionMask = 2147483647;
			files = (
				48B5827B20431C2200C9279D /* parseChatUITests.swift in Sources */,
			);
			runOnlyForDeploymentPostprocessing = 0;
		};
/* End PBXSourcesBuildPhase section */

/* Begin PBXTargetDependency section */
		48B5826D20431C2200C9279D /* PBXTargetDependency */ = {
			isa = PBXTargetDependency;
			target = 48B5825620431C2200C9279D /* parseChat */;
			targetProxy = 48B5826C20431C2200C9279D /* PBXContainerItemProxy */;
		};
		48B5827820431C2200C9279D /* PBXTargetDependency */ = {
			isa = PBXTargetDependency;
			target = 48B5825620431C2200C9279D /* parseChat */;
			targetProxy = 48B5827720431C2200C9279D /* PBXContainerItemProxy */;
		};
/* End PBXTargetDependency section */

/* Begin PBXVariantGroup section */
		48B5825E20431C2200C9279D /* Main.storyboard */ = {
			isa = PBXVariantGroup;
			children = (
				48B5825F20431C2200C9279D /* Base */,
			);
			name = Main.storyboard;
			sourceTree = "<group>";
		};
		48B5826320431C2200C9279D /* LaunchScreen.storyboard */ = {
			isa = PBXVariantGroup;
			children = (
				48B5826420431C2200C9279D /* Base */,
			);
			name = LaunchScreen.storyboard;
			sourceTree = "<group>";
		};
/* End PBXVariantGroup section */

/* Begin XCBuildConfiguration section */
		48B5827D20431C2200C9279D /* Debug */ = {
			isa = XCBuildConfiguration;
			buildSettings = {
				ALWAYS_SEARCH_USER_PATHS = NO;
				CLANG_ANALYZER_NONNULL = YES;
				CLANG_ANALYZER_NUMBER_OBJECT_CONVERSION = YES_AGGRESSIVE;
				CLANG_CXX_LANGUAGE_STANDARD = "gnu++14";
				CLANG_CXX_LIBRARY = "libc++";
				CLANG_ENABLE_MODULES = YES;
				CLANG_ENABLE_OBJC_ARC = YES;
				CLANG_WARN_BLOCK_CAPTURE_AUTORELEASING = YES;
				CLANG_WARN_BOOL_CONVERSION = YES;
				CLANG_WARN_COMMA = YES;
				CLANG_WARN_CONSTANT_CONVERSION = YES;
				CLANG_WARN_DIRECT_OBJC_ISA_USAGE = YES_ERROR;
				CLANG_WARN_DOCUMENTATION_COMMENTS = YES;
				CLANG_WARN_EMPTY_BODY = YES;
				CLANG_WARN_ENUM_CONVERSION = YES;
				CLANG_WARN_INFINITE_RECURSION = YES;
				CLANG_WARN_INT_CONVERSION = YES;
				CLANG_WARN_NON_LITERAL_NULL_CONVERSION = YES;
				CLANG_WARN_OBJC_LITERAL_CONVERSION = YES;
				CLANG_WARN_OBJC_ROOT_CLASS = YES_ERROR;
				CLANG_WARN_RANGE_LOOP_ANALYSIS = YES;
				CLANG_WARN_STRICT_PROTOTYPES = YES;
				CLANG_WARN_SUSPICIOUS_MOVE = YES;
				CLANG_WARN_UNGUARDED_AVAILABILITY = YES_AGGRESSIVE;
				CLANG_WARN_UNREACHABLE_CODE = YES;
				CLANG_WARN__DUPLICATE_METHOD_MATCH = YES;
				CODE_SIGN_IDENTITY = "iPhone Developer";
				COPY_PHASE_STRIP = NO;
				DEBUG_INFORMATION_FORMAT = dwarf;
				ENABLE_STRICT_OBJC_MSGSEND = YES;
				ENABLE_TESTABILITY = YES;
				GCC_C_LANGUAGE_STANDARD = gnu11;
				GCC_DYNAMIC_NO_PIC = NO;
				GCC_NO_COMMON_BLOCKS = YES;
				GCC_OPTIMIZATION_LEVEL = 0;
				GCC_PREPROCESSOR_DEFINITIONS = (
					"DEBUG=1",
					"$(inherited)",
				);
				GCC_WARN_64_TO_32_BIT_CONVERSION = YES;
				GCC_WARN_ABOUT_RETURN_TYPE = YES_ERROR;
				GCC_WARN_UNDECLARED_SELECTOR = YES;
				GCC_WARN_UNINITIALIZED_AUTOS = YES_AGGRESSIVE;
				GCC_WARN_UNUSED_FUNCTION = YES;
				GCC_WARN_UNUSED_VARIABLE = YES;
				IPHONEOS_DEPLOYMENT_TARGET = 11.2;
				MTL_ENABLE_DEBUG_INFO = YES;
				ONLY_ACTIVE_ARCH = YES;
				SDKROOT = iphoneos;
				SWIFT_ACTIVE_COMPILATION_CONDITIONS = DEBUG;
				SWIFT_OPTIMIZATION_LEVEL = "-Onone";
			};
			name = Debug;
		};
		48B5827E20431C2200C9279D /* Release */ = {
			isa = XCBuildConfiguration;
			buildSettings = {
				ALWAYS_SEARCH_USER_PATHS = NO;
				CLANG_ANALYZER_NONNULL = YES;
				CLANG_ANALYZER_NUMBER_OBJECT_CONVERSION = YES_AGGRESSIVE;
				CLANG_CXX_LANGUAGE_STANDARD = "gnu++14";
				CLANG_CXX_LIBRARY = "libc++";
				CLANG_ENABLE_MODULES = YES;
				CLANG_ENABLE_OBJC_ARC = YES;
				CLANG_WARN_BLOCK_CAPTURE_AUTORELEASING = YES;
				CLANG_WARN_BOOL_CONVERSION = YES;
				CLANG_WARN_COMMA = YES;
				CLANG_WARN_CONSTANT_CONVERSION = YES;
				CLANG_WARN_DIRECT_OBJC_ISA_USAGE = YES_ERROR;
				CLANG_WARN_DOCUMENTATION_COMMENTS = YES;
				CLANG_WARN_EMPTY_BODY = YES;
				CLANG_WARN_ENUM_CONVERSION = YES;
				CLANG_WARN_INFINITE_RECURSION = YES;
				CLANG_WARN_INT_CONVERSION = YES;
				CLANG_WARN_NON_LITERAL_NULL_CONVERSION = YES;
				CLANG_WARN_OBJC_LITERAL_CONVERSION = YES;
				CLANG_WARN_OBJC_ROOT_CLASS = YES_ERROR;
				CLANG_WARN_RANGE_LOOP_ANALYSIS = YES;
				CLANG_WARN_STRICT_PROTOTYPES = YES;
				CLANG_WARN_SUSPICIOUS_MOVE = YES;
				CLANG_WARN_UNGUARDED_AVAILABILITY = YES_AGGRESSIVE;
				CLANG_WARN_UNREACHABLE_CODE = YES;
				CLANG_WARN__DUPLICATE_METHOD_MATCH = YES;
				CODE_SIGN_IDENTITY = "iPhone Developer";
				COPY_PHASE_STRIP = NO;
				DEBUG_INFORMATION_FORMAT = "dwarf-with-dsym";
				ENABLE_NS_ASSERTIONS = NO;
				ENABLE_STRICT_OBJC_MSGSEND = YES;
				GCC_C_LANGUAGE_STANDARD = gnu11;
				GCC_NO_COMMON_BLOCKS = YES;
				GCC_WARN_64_TO_32_BIT_CONVERSION = YES;
				GCC_WARN_ABOUT_RETURN_TYPE = YES_ERROR;
				GCC_WARN_UNDECLARED_SELECTOR = YES;
				GCC_WARN_UNINITIALIZED_AUTOS = YES_AGGRESSIVE;
				GCC_WARN_UNUSED_FUNCTION = YES;
				GCC_WARN_UNUSED_VARIABLE = YES;
				IPHONEOS_DEPLOYMENT_TARGET = 11.2;
				MTL_ENABLE_DEBUG_INFO = NO;
				SDKROOT = iphoneos;
				SWIFT_OPTIMIZATION_LEVEL = "-Owholemodule";
				VALIDATE_PRODUCT = YES;
			};
			name = Release;
		};
		48B5828020431C2200C9279D /* Debug */ = {
			isa = XCBuildConfiguration;
			baseConfigurationReference = 52D9240C09F4B932FEA83C04 /* Pods-parseChat.debug.xcconfig */;
			buildSettings = {
				ASSETCATALOG_COMPILER_APPICON_NAME = AppIcon;
				CODE_SIGN_STYLE = Automatic;
				INFOPLIST_FILE = parseChat/Info.plist;
				LD_RUNPATH_SEARCH_PATHS = "$(inherited) @executable_path/Frameworks";
				PRODUCT_BUNDLE_IDENTIFIER = s.parseChat;
				PRODUCT_NAME = "$(TARGET_NAME)";
				SWIFT_VERSION = 4.0;
				TARGETED_DEVICE_FAMILY = "1,2";
			};
			name = Debug;
		};
		48B5828120431C2200C9279D /* Release */ = {
			isa = XCBuildConfiguration;
			baseConfigurationReference = B924E55A2B4552195A01BF40 /* Pods-parseChat.release.xcconfig */;
			buildSettings = {
				ASSETCATALOG_COMPILER_APPICON_NAME = AppIcon;
				CODE_SIGN_STYLE = Automatic;
				INFOPLIST_FILE = parseChat/Info.plist;
				LD_RUNPATH_SEARCH_PATHS = "$(inherited) @executable_path/Frameworks";
				PRODUCT_BUNDLE_IDENTIFIER = s.parseChat;
				PRODUCT_NAME = "$(TARGET_NAME)";
				SWIFT_VERSION = 4.0;
				TARGETED_DEVICE_FAMILY = "1,2";
			};
			name = Release;
		};
		48B5828320431C2200C9279D /* Debug */ = {
			isa = XCBuildConfiguration;
			baseConfigurationReference = ED25BA9F17BEBCE0E3743FDD /* Pods-parseChatTests.debug.xcconfig */;
			buildSettings = {
				ALWAYS_EMBED_SWIFT_STANDARD_LIBRARIES = YES;
				BUNDLE_LOADER = "$(TEST_HOST)";
				CODE_SIGN_STYLE = Automatic;
				INFOPLIST_FILE = parseChatTests/Info.plist;
				LD_RUNPATH_SEARCH_PATHS = "$(inherited) @executable_path/Frameworks @loader_path/Frameworks";
				PRODUCT_BUNDLE_IDENTIFIER = s.parseChatTests;
				PRODUCT_NAME = "$(TARGET_NAME)";
				SWIFT_VERSION = 4.0;
				TARGETED_DEVICE_FAMILY = "1,2";
				TEST_HOST = "$(BUILT_PRODUCTS_DIR)/parseChat.app/parseChat";
			};
			name = Debug;
		};
		48B5828420431C2200C9279D /* Release */ = {
			isa = XCBuildConfiguration;
			baseConfigurationReference = 9030C8C835F7FC974D2E0FEE /* Pods-parseChatTests.release.xcconfig */;
			buildSettings = {
				ALWAYS_EMBED_SWIFT_STANDARD_LIBRARIES = YES;
				BUNDLE_LOADER = "$(TEST_HOST)";
				CODE_SIGN_STYLE = Automatic;
				INFOPLIST_FILE = parseChatTests/Info.plist;
				LD_RUNPATH_SEARCH_PATHS = "$(inherited) @executable_path/Frameworks @loader_path/Frameworks";
				PRODUCT_BUNDLE_IDENTIFIER = s.parseChatTests;
				PRODUCT_NAME = "$(TARGET_NAME)";
				SWIFT_VERSION = 4.0;
				TARGETED_DEVICE_FAMILY = "1,2";
				TEST_HOST = "$(BUILT_PRODUCTS_DIR)/parseChat.app/parseChat";
			};
			name = Release;
		};
		48B5828620431C2200C9279D /* Debug */ = {
			isa = XCBuildConfiguration;
			baseConfigurationReference = BCC19AE1591EA3BBAE1B37E0 /* Pods-parseChatUITests.debug.xcconfig */;
			buildSettings = {
				ALWAYS_EMBED_SWIFT_STANDARD_LIBRARIES = YES;
				CODE_SIGN_STYLE = Automatic;
				INFOPLIST_FILE = parseChatUITests/Info.plist;
				LD_RUNPATH_SEARCH_PATHS = "$(inherited) @executable_path/Frameworks @loader_path/Frameworks";
				PRODUCT_BUNDLE_IDENTIFIER = s.parseChatUITests;
				PRODUCT_NAME = "$(TARGET_NAME)";
				SWIFT_VERSION = 4.0;
				TARGETED_DEVICE_FAMILY = "1,2";
				TEST_TARGET_NAME = parseChat;
			};
			name = Debug;
		};
		48B5828720431C2200C9279D /* Release */ = {
			isa = XCBuildConfiguration;
			baseConfigurationReference = 0B5B8B877A5AC63F3B8B2A3D /* Pods-parseChatUITests.release.xcconfig */;
			buildSettings = {
				ALWAYS_EMBED_SWIFT_STANDARD_LIBRARIES = YES;
				CODE_SIGN_STYLE = Automatic;
				INFOPLIST_FILE = parseChatUITests/Info.plist;
				LD_RUNPATH_SEARCH_PATHS = "$(inherited) @executable_path/Frameworks @loader_path/Frameworks";
				PRODUCT_BUNDLE_IDENTIFIER = s.parseChatUITests;
				PRODUCT_NAME = "$(TARGET_NAME)";
				SWIFT_VERSION = 4.0;
				TARGETED_DEVICE_FAMILY = "1,2";
				TEST_TARGET_NAME = parseChat;
			};
			name = Release;
		};
/* End XCBuildConfiguration section */

/* Begin XCConfigurationList section */
		48B5825220431C2200C9279D /* Build configuration list for PBXProject "parseChat" */ = {
			isa = XCConfigurationList;
			buildConfigurations = (
				48B5827D20431C2200C9279D /* Debug */,
				48B5827E20431C2200C9279D /* Release */,
			);
			defaultConfigurationIsVisible = 0;
			defaultConfigurationName = Release;
		};
		48B5827F20431C2200C9279D /* Build configuration list for PBXNativeTarget "parseChat" */ = {
			isa = XCConfigurationList;
			buildConfigurations = (
				48B5828020431C2200C9279D /* Debug */,
				48B5828120431C2200C9279D /* Release */,
			);
			defaultConfigurationIsVisible = 0;
			defaultConfigurationName = Release;
		};
		48B5828220431C2200C9279D /* Build configuration list for PBXNativeTarget "parseChatTests" */ = {
			isa = XCConfigurationList;
			buildConfigurations = (
				48B5828320431C2200C9279D /* Debug */,
				48B5828420431C2200C9279D /* Release */,
			);
			defaultConfigurationIsVisible = 0;
			defaultConfigurationName = Release;
		};
		48B5828520431C2200C9279D /* Build configuration list for PBXNativeTarget "parseChatUITests" */ = {
			isa = XCConfigurationList;
			buildConfigurations = (
				48B5828620431C2200C9279D /* Debug */,
				48B5828720431C2200C9279D /* Release */,
			);
			defaultConfigurationIsVisible = 0;
			defaultConfigurationName = Release;
		};
/* End XCConfigurationList section */
	};
	rootObject = 48B5824F20431C2200C9279D /* Project object */;
}
